{
    "_readme": [
        "This file locks the dependencies of your project to a known state",
        "Read more about it at http://getcomposer.org/doc/01-basic-usage.md#composer-lock-the-lock-file"
    ],
    "hash": "7c360dd7358ad551899b0109a5d11797",
    "packages": [
        {
            "name": "crodas/artifex",
            "version": "dev-master",
            "source": {
                "type": "git",
                "url": "https://github.com/crodas/Artifex.git",
                "reference": "c6dfbe63e1968d23ecb9fa52bbc12aa5a51c3881"
            },
            "dist": {
                "type": "zip",
                "url": "https://api.github.com/repos/crodas/Artifex/zipball/c6dfbe63e1968d23ecb9fa52bbc12aa5a51c3881",
                "reference": "c6dfbe63e1968d23ecb9fa52bbc12aa5a51c3881",
                "shasum": ""
            },
            "require": {
                "php": ">=5.3.0"
            },
            "type": "library",
            "autoload": {
                "psr-0": {
                    "Artifex": "lib/"
                }
            },
            "notification-url": "https://packagist.org/downloads/",
            "authors": [
                {
                    "name": "César D. Rodas",
                    "email": "crodas@php.net"
                }
            ],
            "description": "Macros on steroids. The easiest way of generating code.",
            "time": "2013-04-20 22:36:27"
        },
        {
            "name": "crodas/notoj",
            "version": "dev-master",
            "source": {
                "type": "git",
                "url": "https://github.com/crodas/Notoj.git",
                "reference": "8c056dadbfeff76fc9458387957f070310c7616f"
            },
            "dist": {
                "type": "zip",
                "url": "https://api.github.com/repos/crodas/Notoj/zipball/8c056dadbfeff76fc9458387957f070310c7616f",
                "reference": "8c056dadbfeff76fc9458387957f070310c7616f",
                "shasum": ""
            },
            "require": {
                "php": ">=5.3.0"
            },
            "type": "library",
            "autoload": {
                "psr-0": {
                    "Notoj": "lib/"
                }
            },
            "notification-url": "https://packagist.org/downloads/",
            "authors": [
                {
                    "name": "César D. Rodas",
                    "email": "crodas@php.net"
                }
            ],
            "description": "Annotation parser. Uses reflection and provides cache out of the box.",
            "time": "2013-05-14 00:45:24"
        },
        {
            "name": "crodas/watch-files",
            "version": "dev-master",
            "source": {
                "type": "git",
                "url": "https://github.com/crodas/WatchFiles.git",
                "reference": "5590f25f92ac0495087ebaea3a538fdecb63ea5e"
            },
            "dist": {
                "type": "zip",
                "url": "https://api.github.com/repos/crodas/WatchFiles/zipball/5590f25f92ac0495087ebaea3a538fdecb63ea5e",
                "reference": "5590f25f92ac0495087ebaea3a538fdecb63ea5e",
                "shasum": ""
            },
            "require": {
                "crodas/artifex": "*"
            },
            "type": "library",
            "autoload": {
                "psr-0": {
                    "WatchFiles": "lib/"
                }
            },
            "notification-url": "https://packagist.org/downloads/",
            "license": [
                "BSD"
            ],
            "authors": [
                {
                    "name": "César D. Rodas",
                    "email": "crodas@php.net"
                }
            ],
            "description": "Watch files and directories for changes",
            "time": "2013-05-18 10:59:39"
        },
        {
            "name": "seld/jsonlint",
            "version": "dev-master",
            "source": {
                "type": "git",
                "url": "https://github.com/Seldaek/jsonlint.git",
                "reference": "7ae109906d1b382a6bc3cf12b01c9c885a703f22"
            },
            "dist": {
                "type": "zip",
                "url": "https://api.github.com/repos/Seldaek/jsonlint/zipball/7ae109906d1b382a6bc3cf12b01c9c885a703f22",
                "reference": "7ae109906d1b382a6bc3cf12b01c9c885a703f22",
                "shasum": ""
            },
            "require": {
                "php": ">=5.3.0"
            },
            "bin": [
                "bin/jsonlint"
            ],
            "type": "library",
            "autoload": {
                "psr-0": {
                    "Seld\\JsonLint": "src/"
                }
            },
            "notification-url": "https://packagist.org/downloads/",
            "license": [
                "MIT"
            ],
            "authors": [
                {
                    "name": "Jordi Boggiano",
                    "email": "j.boggiano@seld.be",
                    "homepage": "http://seld.be",
                    "role": "Developer"
                }
            ],
            "description": "JSON Linter",
            "keywords": [
                "json",
                "linter",
                "parser",
                "validator"
            ],
            "time": "2013-02-14 15:45:55"
        },
        {
            "name": "symfony/yaml",
            "version": "dev-master",
            "target-dir": "Symfony/Component/Yaml",
            "source": {
                "type": "git",
                "url": "https://github.com/symfony/Yaml.git",
                "reference": "82100c7732c95452702d11433aad50988700d36c"
            },
            "dist": {
                "type": "zip",
                "url": "https://api.github.com/repos/symfony/Yaml/zipball/82100c7732c95452702d11433aad50988700d36c",
                "reference": "82100c7732c95452702d11433aad50988700d36c",
                "shasum": ""
            },
            "require": {
                "php": ">=5.3.3"
            },
            "type": "library",
            "extra": {
                "branch-alias": {
                    "dev-master": "2.4-dev"
                }
            },
            "autoload": {
                "psr-0": {
                    "Symfony\\Component\\Yaml\\": ""
                }
            },
            "notification-url": "https://packagist.org/downloads/",
            "license": [
                "MIT"
            ],
            "authors": [
                {
                    "name": "Fabien Potencier",
                    "email": "fabien@symfony.com"
                },
                {
                    "name": "Symfony Community",
                    "homepage": "http://symfony.com/contributors"
                }
            ],
            "description": "Symfony Yaml Component",
            "homepage": "http://symfony.com",
            "time": "2013-05-16 07:54:39"
        }
    ],
    "packages-dev": [

    ],
    "aliases": [

    ],
    "minimum-stability": "dev",
    "stability-flags": [

    ],
    "platform": [

    ],
    "platform-dev": [

    ]
}
